// !$*UTF8*$!
{
	archiveVersion = 1;
	classes = {
	};
	objectVersion = 51;
	objects = {

/* Begin PBXBuildFile section */
		0BE0EA09353A777B808964A3 /* (null) in Frameworks */ = {isa = PBXBuildFile; };
		1CAD6CD5A4060A6B06CBD226 /* Pods_VaccineCardDEV.framework in Frameworks */ = {isa = PBXBuildFile; fileRef = 5ADE7EFE6B767FC3B42AF845 /* Pods_VaccineCardDEV.framework */; };
		2904724726DD9A75003C4CA2 /* VaccineCardTests.swift in Sources */ = {isa = PBXBuildFile; fileRef = 2904724626DD9A75003C4CA2 /* VaccineCardTests.swift */; };
		2904724F26DF44F9003C4CA2 /* Date.swift in Sources */ = {isa = PBXBuildFile; fileRef = 2904724E26DF44F9003C4CA2 /* Date.swift */; };
		2904725226E15210003C4CA2 /* ViewController.swift in Sources */ = {isa = PBXBuildFile; fileRef = 292BC32626D6B16000B0A064 /* ViewController.swift */; };
		2904725326E15210003C4CA2 /* UIColor.swift in Sources */ = {isa = PBXBuildFile; fileRef = 292BC36126D6EC9100B0A064 /* UIColor.swift */; };
		2904725426E15210003C4CA2 /* Constants.swift in Sources */ = {isa = PBXBuildFile; fileRef = 292BC35C26D6DB2A00B0A064 /* Constants.swift */; };
		2904725526E15210003C4CA2 /* Date.swift in Sources */ = {isa = PBXBuildFile; fileRef = 2904724E26DF44F9003C4CA2 /* Date.swift */; };
		2904725826E15210003C4CA2 /* UIViewController.swift in Sources */ = {isa = PBXBuildFile; fileRef = 296030A326D976A40026A0AC /* UIViewController.swift */; };
		2904725926E15210003C4CA2 /* ScanResultViewController.swift in Sources */ = {isa = PBXBuildFile; fileRef = 292BC35A26D6D79300B0A064 /* ScanResultViewController.swift */; };
		2904725D26E15210003C4CA2 /* UIView.swift in Sources */ = {isa = PBXBuildFile; fileRef = 292BC35F26D6DB4400B0A064 /* UIView.swift */; };
		2904725F26E15210003C4CA2 /* String.swift in Sources */ = {isa = PBXBuildFile; fileRef = 296030B026DB55F80026A0AC /* String.swift */; };
		2904726426E15210003C4CA2 /* LaunchScreen.storyboard in Resources */ = {isa = PBXBuildFile; fileRef = 292BC32D26D6B16200B0A064 /* LaunchScreen.storyboard */; };
		2904726526E15210003C4CA2 /* Assets.xcassets in Resources */ = {isa = PBXBuildFile; fileRef = 292BC32B26D6B16200B0A064 /* Assets.xcassets */; };
		2904726626E15210003C4CA2 /* Main.storyboard in Resources */ = {isa = PBXBuildFile; fileRef = 292BC32826D6B16000B0A064 /* Main.storyboard */; };
		29136DDC26E283DC00D6D829 /* TEST Info.plist in Resources */ = {isa = PBXBuildFile; fileRef = 29136DDB26E283DC00D6D829 /* TEST Info.plist */; };
		291E8AC626E67B5B00A60ADD /* BCSans-Italic.otf in Resources */ = {isa = PBXBuildFile; fileRef = 291E8AC226E67B5B00A60ADD /* BCSans-Italic.otf */; };
		291E8AC726E67B5B00A60ADD /* BCSans-Italic.otf in Resources */ = {isa = PBXBuildFile; fileRef = 291E8AC226E67B5B00A60ADD /* BCSans-Italic.otf */; };
		291E8AC826E67B5B00A60ADD /* BCSans-BoldItalic.otf in Resources */ = {isa = PBXBuildFile; fileRef = 291E8AC326E67B5B00A60ADD /* BCSans-BoldItalic.otf */; };
		291E8AC926E67B5B00A60ADD /* BCSans-BoldItalic.otf in Resources */ = {isa = PBXBuildFile; fileRef = 291E8AC326E67B5B00A60ADD /* BCSans-BoldItalic.otf */; };
		291E8ACA26E67B5B00A60ADD /* BCSans-Bold.otf in Resources */ = {isa = PBXBuildFile; fileRef = 291E8AC426E67B5B00A60ADD /* BCSans-Bold.otf */; };
		291E8ACB26E67B5B00A60ADD /* BCSans-Bold.otf in Resources */ = {isa = PBXBuildFile; fileRef = 291E8AC426E67B5B00A60ADD /* BCSans-Bold.otf */; };
		291E8ACC26E67B5B00A60ADD /* BCSans-Regular.otf in Resources */ = {isa = PBXBuildFile; fileRef = 291E8AC526E67B5B00A60ADD /* BCSans-Regular.otf */; };
		291E8ACD26E67B5B00A60ADD /* BCSans-Regular.otf in Resources */ = {isa = PBXBuildFile; fileRef = 291E8AC526E67B5B00A60ADD /* BCSans-Regular.otf */; };
		291E8AD526E90ECE00A60ADD /* VaccineCardUITests.swift in Sources */ = {isa = PBXBuildFile; fileRef = 291E8AD426E90ECE00A60ADD /* VaccineCardUITests.swift */; };
		292BC32326D6B16000B0A064 /* AppDelegate.swift in Sources */ = {isa = PBXBuildFile; fileRef = 292BC32226D6B16000B0A064 /* AppDelegate.swift */; };
		292BC32726D6B16000B0A064 /* ViewController.swift in Sources */ = {isa = PBXBuildFile; fileRef = 292BC32626D6B16000B0A064 /* ViewController.swift */; };
		292BC32A26D6B16000B0A064 /* Main.storyboard in Resources */ = {isa = PBXBuildFile; fileRef = 292BC32826D6B16000B0A064 /* Main.storyboard */; };
		292BC32C26D6B16200B0A064 /* Assets.xcassets in Resources */ = {isa = PBXBuildFile; fileRef = 292BC32B26D6B16200B0A064 /* Assets.xcassets */; };
		292BC32F26D6B16200B0A064 /* LaunchScreen.storyboard in Resources */ = {isa = PBXBuildFile; fileRef = 292BC32D26D6B16200B0A064 /* LaunchScreen.storyboard */; };
		292BC35B26D6D79300B0A064 /* ScanResultViewController.swift in Sources */ = {isa = PBXBuildFile; fileRef = 292BC35A26D6D79300B0A064 /* ScanResultViewController.swift */; };
		292BC35D26D6DB2A00B0A064 /* Constants.swift in Sources */ = {isa = PBXBuildFile; fileRef = 292BC35C26D6DB2A00B0A064 /* Constants.swift */; };
		292BC36026D6DB4400B0A064 /* UIView.swift in Sources */ = {isa = PBXBuildFile; fileRef = 292BC35F26D6DB4400B0A064 /* UIView.swift */; };
		292BC36226D6EC9100B0A064 /* UIColor.swift in Sources */ = {isa = PBXBuildFile; fileRef = 292BC36126D6EC9100B0A064 /* UIColor.swift */; };
		2953544826F14A7F00C0E437 /* AccessibilityConstants.swift in Sources */ = {isa = PBXBuildFile; fileRef = 2953544726F14A7F00C0E437 /* AccessibilityConstants.swift */; };
		2953544926F14A9300C0E437 /* AccessibilityConstants.swift in Sources */ = {isa = PBXBuildFile; fileRef = 2953544726F14A7F00C0E437 /* AccessibilityConstants.swift */; };
		2953546D26F390D000C0E437 /* OnBoardingView.swift in Sources */ = {isa = PBXBuildFile; fileRef = 2953546C26F390D000C0E437 /* OnBoardingView.swift */; };
		296030A426D976A40026A0AC /* UIViewController.swift in Sources */ = {isa = PBXBuildFile; fileRef = 296030A326D976A40026A0AC /* UIViewController.swift */; };
		296030B126DB55F80026A0AC /* String.swift in Sources */ = {isa = PBXBuildFile; fileRef = 296030B026DB55F80026A0AC /* String.swift */; };
		29A2470D26F39203001ED8A9 /* OnBoardingView.swift in Sources */ = {isa = PBXBuildFile; fileRef = 2953546C26F390D000C0E437 /* OnBoardingView.swift */; };
		29B446A82734727A00E0F967 /* GoogleService-Info.plist in Resources */ = {isa = PBXBuildFile; fileRef = 2904726F26E1B7DD003C4CA2 /* GoogleService-Info.plist */; };
		29CAA81A273470CD00A1CAD3 /* AppDeletageTEST.swift in Sources */ = {isa = PBXBuildFile; fileRef = 29CAA818273470B300A1CAD3 /* AppDeletageTEST.swift */; };
		29CAA81E273470DD00A1CAD3 /* ViewController.swift in Sources */ = {isa = PBXBuildFile; fileRef = 292BC32626D6B16000B0A064 /* ViewController.swift */; };
		29CAA81F273470DD00A1CAD3 /* UIColor.swift in Sources */ = {isa = PBXBuildFile; fileRef = 292BC36126D6EC9100B0A064 /* UIColor.swift */; };
		29CAA820273470DD00A1CAD3 /* Constants.swift in Sources */ = {isa = PBXBuildFile; fileRef = 292BC35C26D6DB2A00B0A064 /* Constants.swift */; };
		29CAA821273470DD00A1CAD3 /* Date.swift in Sources */ = {isa = PBXBuildFile; fileRef = 2904724E26DF44F9003C4CA2 /* Date.swift */; };
		29CAA823273470DD00A1CAD3 /* UIViewController.swift in Sources */ = {isa = PBXBuildFile; fileRef = 296030A326D976A40026A0AC /* UIViewController.swift */; };
		29CAA824273470DD00A1CAD3 /* ScanResultViewController.swift in Sources */ = {isa = PBXBuildFile; fileRef = 292BC35A26D6D79300B0A064 /* ScanResultViewController.swift */; };
		29CAA825273470DD00A1CAD3 /* AccessibilityConstants.swift in Sources */ = {isa = PBXBuildFile; fileRef = 2953544726F14A7F00C0E437 /* AccessibilityConstants.swift */; };
		29CAA826273470DD00A1CAD3 /* UIView.swift in Sources */ = {isa = PBXBuildFile; fileRef = 292BC35F26D6DB4400B0A064 /* UIView.swift */; };
		29CAA827273470DD00A1CAD3 /* UpdateManager.swift in Sources */ = {isa = PBXBuildFile; fileRef = 29E2184D26F3D26A001FDCD4 /* UpdateManager.swift */; };
		29CAA828273470DD00A1CAD3 /* OnBoardingView.swift in Sources */ = {isa = PBXBuildFile; fileRef = 2953546C26F390D000C0E437 /* OnBoardingView.swift */; };
		29CAA829273470DD00A1CAD3 /* String.swift in Sources */ = {isa = PBXBuildFile; fileRef = 296030B026DB55F80026A0AC /* String.swift */; };
		29CAA82E273470DD00A1CAD3 /* LaunchScreen.storyboard in Resources */ = {isa = PBXBuildFile; fileRef = 292BC32D26D6B16200B0A064 /* LaunchScreen.storyboard */; };
		29CAA82F273470DD00A1CAD3 /* BCSans-Italic.otf in Resources */ = {isa = PBXBuildFile; fileRef = 291E8AC226E67B5B00A60ADD /* BCSans-Italic.otf */; };
		29CAA830273470DD00A1CAD3 /* BCSans-Bold.otf in Resources */ = {isa = PBXBuildFile; fileRef = 291E8AC426E67B5B00A60ADD /* BCSans-Bold.otf */; };
		29CAA831273470DD00A1CAD3 /* BCSans-BoldItalic.otf in Resources */ = {isa = PBXBuildFile; fileRef = 291E8AC326E67B5B00A60ADD /* BCSans-BoldItalic.otf */; };
		29CAA832273470DD00A1CAD3 /* OnBoardingView.xib in Resources */ = {isa = PBXBuildFile; fileRef = 29E2184426F39260001FDCD4 /* OnBoardingView.xib */; };
		29CAA833273470DD00A1CAD3 /* Assets.xcassets in Resources */ = {isa = PBXBuildFile; fileRef = 292BC32B26D6B16200B0A064 /* Assets.xcassets */; };
		29CAA834273470DD00A1CAD3 /* Main.storyboard in Resources */ = {isa = PBXBuildFile; fileRef = 292BC32826D6B16000B0A064 /* Main.storyboard */; };
		29CAA835273470DD00A1CAD3 /* BCSans-Regular.otf in Resources */ = {isa = PBXBuildFile; fileRef = 291E8AC526E67B5B00A60ADD /* BCSans-Regular.otf */; };
		29CAA83C273470F200A1CAD3 /* AppDelegateDEV.swift in Sources */ = {isa = PBXBuildFile; fileRef = 29CAA8152734707D00A1CAD3 /* AppDelegateDEV.swift */; };
		29E2184526F39260001FDCD4 /* OnBoardingView.xib in Resources */ = {isa = PBXBuildFile; fileRef = 29E2184426F39260001FDCD4 /* OnBoardingView.xib */; };
		29E2184626F3927A001FDCD4 /* OnBoardingView.xib in Resources */ = {isa = PBXBuildFile; fileRef = 29E2184426F39260001FDCD4 /* OnBoardingView.xib */; };
		29E2184E26F3D26A001FDCD4 /* UpdateManager.swift in Sources */ = {isa = PBXBuildFile; fileRef = 29E2184D26F3D26A001FDCD4 /* UpdateManager.swift */; };
		29E2184F26F3D26A001FDCD4 /* UpdateManager.swift in Sources */ = {isa = PBXBuildFile; fileRef = 29E2184D26F3D26A001FDCD4 /* UpdateManager.swift */; };
		79F1C236B19CDA8CF3D30523 /* Pods_VaccineCardTEST.framework in Frameworks */ = {isa = PBXBuildFile; fileRef = 2EDE28D7162B4391813E9D31 /* Pods_VaccineCardTEST.framework */; };
		A4152ADDFA2A9CC23ED5DC89 /* Pods_VaccineCardTests.framework in Frameworks */ = {isa = PBXBuildFile; fileRef = 7DCF2A19180E6F4CEC2D55F1 /* Pods_VaccineCardTests.framework */; };
		EBDEC6D405A587D274658DF1 /* Pods_VaccineCard_VaccineCardUITests.framework in Frameworks */ = {isa = PBXBuildFile; fileRef = 8E914790D7771B9D6C9E4901 /* Pods_VaccineCard_VaccineCardUITests.framework */; };
		F49428C500F35542E061A5C4 /* Pods_VaccineCard.framework in Frameworks */ = {isa = PBXBuildFile; fileRef = 060620513BAF90285A97DFDB /* Pods_VaccineCard.framework */; };
/* End PBXBuildFile section */

/* Begin PBXContainerItemProxy section */
		2904724926DD9A75003C4CA2 /* PBXContainerItemProxy */ = {
			isa = PBXContainerItemProxy;
			containerPortal = 292BC31726D6B16000B0A064 /* Project object */;
			proxyType = 1;
			remoteGlobalIDString = 292BC31E26D6B16000B0A064;
			remoteInfo = VaccineCard;
		};
		291E8AD726E90ECE00A60ADD /* PBXContainerItemProxy */ = {
			isa = PBXContainerItemProxy;
			containerPortal = 292BC31726D6B16000B0A064 /* Project object */;
			proxyType = 1;
			remoteGlobalIDString = 292BC31E26D6B16000B0A064;
			remoteInfo = VaccineCard;
		};
/* End PBXContainerItemProxy section */

/* Begin PBXFileReference section */
		060620513BAF90285A97DFDB /* Pods_VaccineCard.framework */ = {isa = PBXFileReference; explicitFileType = wrapper.framework; includeInIndex = 0; path = Pods_VaccineCard.framework; sourceTree = BUILT_PRODUCTS_DIR; };
		1FF267934EB27C9366A2A1EA /* Pods-VaccineCardTests.debug.xcconfig */ = {isa = PBXFileReference; includeInIndex = 1; lastKnownFileType = text.xcconfig; name = "Pods-VaccineCardTests.debug.xcconfig"; path = "Target Support Files/Pods-VaccineCardTests/Pods-VaccineCardTests.debug.xcconfig"; sourceTree = "<group>"; };
		2904724426DD9A75003C4CA2 /* VaccineCardTests.xctest */ = {isa = PBXFileReference; explicitFileType = wrapper.cfbundle; includeInIndex = 0; path = VaccineCardTests.xctest; sourceTree = BUILT_PRODUCTS_DIR; };
		2904724626DD9A75003C4CA2 /* VaccineCardTests.swift */ = {isa = PBXFileReference; lastKnownFileType = sourcecode.swift; path = VaccineCardTests.swift; sourceTree = "<group>"; };
		2904724826DD9A75003C4CA2 /* Info.plist */ = {isa = PBXFileReference; lastKnownFileType = text.plist.xml; path = Info.plist; sourceTree = "<group>"; };
		2904724E26DF44F9003C4CA2 /* Date.swift */ = {isa = PBXFileReference; lastKnownFileType = sourcecode.swift; path = Date.swift; sourceTree = "<group>"; };
		2904726A26E15210003C4CA2 /* VaccineCardTEST.app */ = {isa = PBXFileReference; explicitFileType = wrapper.application; includeInIndex = 0; path = VaccineCardTEST.app; sourceTree = BUILT_PRODUCTS_DIR; };
		2904726F26E1B7DD003C4CA2 /* GoogleService-Info.plist */ = {isa = PBXFileReference; fileEncoding = 4; lastKnownFileType = text.plist.xml; path = "GoogleService-Info.plist"; sourceTree = "<group>"; };
		29136DDB26E283DC00D6D829 /* TEST Info.plist */ = {isa = PBXFileReference; fileEncoding = 4; lastKnownFileType = text.plist.xml; path = "TEST Info.plist"; sourceTree = "<group>"; };
		291E8AC226E67B5B00A60ADD /* BCSans-Italic.otf */ = {isa = PBXFileReference; lastKnownFileType = file; path = "BCSans-Italic.otf"; sourceTree = "<group>"; };
		291E8AC326E67B5B00A60ADD /* BCSans-BoldItalic.otf */ = {isa = PBXFileReference; lastKnownFileType = file; path = "BCSans-BoldItalic.otf"; sourceTree = "<group>"; };
		291E8AC426E67B5B00A60ADD /* BCSans-Bold.otf */ = {isa = PBXFileReference; lastKnownFileType = file; path = "BCSans-Bold.otf"; sourceTree = "<group>"; };
		291E8AC526E67B5B00A60ADD /* BCSans-Regular.otf */ = {isa = PBXFileReference; lastKnownFileType = file; path = "BCSans-Regular.otf"; sourceTree = "<group>"; };
		291E8AD226E90ECE00A60ADD /* VaccineCardUITests.xctest */ = {isa = PBXFileReference; explicitFileType = wrapper.cfbundle; includeInIndex = 0; path = VaccineCardUITests.xctest; sourceTree = BUILT_PRODUCTS_DIR; };
		291E8AD426E90ECE00A60ADD /* VaccineCardUITests.swift */ = {isa = PBXFileReference; lastKnownFileType = sourcecode.swift; path = VaccineCardUITests.swift; sourceTree = "<group>"; };
		291E8AD626E90ECE00A60ADD /* Info.plist */ = {isa = PBXFileReference; lastKnownFileType = text.plist.xml; path = Info.plist; sourceTree = "<group>"; };
		292BC31F26D6B16000B0A064 /* VaccineCard.app */ = {isa = PBXFileReference; explicitFileType = wrapper.application; includeInIndex = 0; path = VaccineCard.app; sourceTree = BUILT_PRODUCTS_DIR; };
		292BC32226D6B16000B0A064 /* AppDelegate.swift */ = {isa = PBXFileReference; lastKnownFileType = sourcecode.swift; path = AppDelegate.swift; sourceTree = "<group>"; };
		292BC32626D6B16000B0A064 /* ViewController.swift */ = {isa = PBXFileReference; lastKnownFileType = sourcecode.swift; path = ViewController.swift; sourceTree = "<group>"; };
		292BC32926D6B16000B0A064 /* Base */ = {isa = PBXFileReference; lastKnownFileType = file.storyboard; name = Base; path = Base.lproj/Main.storyboard; sourceTree = "<group>"; };
		292BC32B26D6B16200B0A064 /* Assets.xcassets */ = {isa = PBXFileReference; lastKnownFileType = folder.assetcatalog; path = Assets.xcassets; sourceTree = "<group>"; };
		292BC32E26D6B16200B0A064 /* Base */ = {isa = PBXFileReference; lastKnownFileType = file.storyboard; name = Base; path = Base.lproj/LaunchScreen.storyboard; sourceTree = "<group>"; };
		292BC33026D6B16200B0A064 /* Info.plist */ = {isa = PBXFileReference; lastKnownFileType = text.plist.xml; path = Info.plist; sourceTree = "<group>"; };
		292BC35A26D6D79300B0A064 /* ScanResultViewController.swift */ = {isa = PBXFileReference; lastKnownFileType = sourcecode.swift; path = ScanResultViewController.swift; sourceTree = "<group>"; };
		292BC35C26D6DB2A00B0A064 /* Constants.swift */ = {isa = PBXFileReference; lastKnownFileType = sourcecode.swift; path = Constants.swift; sourceTree = "<group>"; };
		292BC35F26D6DB4400B0A064 /* UIView.swift */ = {isa = PBXFileReference; lastKnownFileType = sourcecode.swift; path = UIView.swift; sourceTree = "<group>"; };
		292BC36126D6EC9100B0A064 /* UIColor.swift */ = {isa = PBXFileReference; lastKnownFileType = sourcecode.swift; path = UIColor.swift; sourceTree = "<group>"; };
		2953544726F14A7F00C0E437 /* AccessibilityConstants.swift */ = {isa = PBXFileReference; lastKnownFileType = sourcecode.swift; path = AccessibilityConstants.swift; sourceTree = "<group>"; };
		2953546C26F390D000C0E437 /* OnBoardingView.swift */ = {isa = PBXFileReference; lastKnownFileType = sourcecode.swift; path = OnBoardingView.swift; sourceTree = "<group>"; };
		296030A326D976A40026A0AC /* UIViewController.swift */ = {isa = PBXFileReference; lastKnownFileType = sourcecode.swift; path = UIViewController.swift; sourceTree = "<group>"; };
		296030B026DB55F80026A0AC /* String.swift */ = {isa = PBXFileReference; lastKnownFileType = sourcecode.swift; path = String.swift; sourceTree = "<group>"; };
		29CAA8152734707D00A1CAD3 /* AppDelegateDEV.swift */ = {isa = PBXFileReference; lastKnownFileType = sourcecode.swift; path = AppDelegateDEV.swift; sourceTree = "<group>"; };
		29CAA818273470B300A1CAD3 /* AppDeletageTEST.swift */ = {isa = PBXFileReference; lastKnownFileType = sourcecode.swift; path = AppDeletageTEST.swift; sourceTree = "<group>"; };
		29CAA83A273470DD00A1CAD3 /* VaccineCardDEV.app */ = {isa = PBXFileReference; explicitFileType = wrapper.application; includeInIndex = 0; path = VaccineCardDEV.app; sourceTree = BUILT_PRODUCTS_DIR; };
		29CAA83B273470DD00A1CAD3 /* VaccineCard copy-Info.plist */ = {isa = PBXFileReference; lastKnownFileType = text.plist.xml; name = "VaccineCard copy-Info.plist"; path = "/Users/amir/Developer/Work/covid/BCVAX-iOS/VaccineCard/VaccineCard copy-Info.plist"; sourceTree = "<absolute>"; };
		29E2184426F39260001FDCD4 /* OnBoardingView.xib */ = {isa = PBXFileReference; lastKnownFileType = file.xib; path = OnBoardingView.xib; sourceTree = "<group>"; };
		29E2184D26F3D26A001FDCD4 /* UpdateManager.swift */ = {isa = PBXFileReference; lastKnownFileType = sourcecode.swift; path = UpdateManager.swift; sourceTree = "<group>"; };
		2EDE28D7162B4391813E9D31 /* Pods_VaccineCardTEST.framework */ = {isa = PBXFileReference; explicitFileType = wrapper.framework; includeInIndex = 0; path = Pods_VaccineCardTEST.framework; sourceTree = BUILT_PRODUCTS_DIR; };
		3940F916090119B0602930B9 /* Pods-VaccineCardDEV.debug.xcconfig */ = {isa = PBXFileReference; includeInIndex = 1; lastKnownFileType = text.xcconfig; name = "Pods-VaccineCardDEV.debug.xcconfig"; path = "Target Support Files/Pods-VaccineCardDEV/Pods-VaccineCardDEV.debug.xcconfig"; sourceTree = "<group>"; };
		5ADE7EFE6B767FC3B42AF845 /* Pods_VaccineCardDEV.framework */ = {isa = PBXFileReference; explicitFileType = wrapper.framework; includeInIndex = 0; path = Pods_VaccineCardDEV.framework; sourceTree = BUILT_PRODUCTS_DIR; };
		5C65EDBA88D74AF5ADF0152E /* Pods-VaccineCardTEST.release.xcconfig */ = {isa = PBXFileReference; includeInIndex = 1; lastKnownFileType = text.xcconfig; name = "Pods-VaccineCardTEST.release.xcconfig"; path = "Target Support Files/Pods-VaccineCardTEST/Pods-VaccineCardTEST.release.xcconfig"; sourceTree = "<group>"; };
		69415A87A01AB91A421DFF81 /* Pods-VaccineCardTEST.debug.xcconfig */ = {isa = PBXFileReference; includeInIndex = 1; lastKnownFileType = text.xcconfig; name = "Pods-VaccineCardTEST.debug.xcconfig"; path = "Target Support Files/Pods-VaccineCardTEST/Pods-VaccineCardTEST.debug.xcconfig"; sourceTree = "<group>"; };
		7DCF2A19180E6F4CEC2D55F1 /* Pods_VaccineCardTests.framework */ = {isa = PBXFileReference; explicitFileType = wrapper.framework; includeInIndex = 0; path = Pods_VaccineCardTests.framework; sourceTree = BUILT_PRODUCTS_DIR; };
		89D493A0BE6EFE49031E23E5 /* Pods-VaccineCard-VaccineCardUITests.release.xcconfig */ = {isa = PBXFileReference; includeInIndex = 1; lastKnownFileType = text.xcconfig; name = "Pods-VaccineCard-VaccineCardUITests.release.xcconfig"; path = "Target Support Files/Pods-VaccineCard-VaccineCardUITests/Pods-VaccineCard-VaccineCardUITests.release.xcconfig"; sourceTree = "<group>"; };
		8E914790D7771B9D6C9E4901 /* Pods_VaccineCard_VaccineCardUITests.framework */ = {isa = PBXFileReference; explicitFileType = wrapper.framework; includeInIndex = 0; path = Pods_VaccineCard_VaccineCardUITests.framework; sourceTree = BUILT_PRODUCTS_DIR; };
		ABEB961C7700BB302888AA68 /* Pods-VaccineCard.debug.xcconfig */ = {isa = PBXFileReference; includeInIndex = 1; lastKnownFileType = text.xcconfig; name = "Pods-VaccineCard.debug.xcconfig"; path = "Target Support Files/Pods-VaccineCard/Pods-VaccineCard.debug.xcconfig"; sourceTree = "<group>"; };
		AEC5A67FD5157899A55BCC05 /* Pods-VaccineCardDEV.release.xcconfig */ = {isa = PBXFileReference; includeInIndex = 1; lastKnownFileType = text.xcconfig; name = "Pods-VaccineCardDEV.release.xcconfig"; path = "Target Support Files/Pods-VaccineCardDEV/Pods-VaccineCardDEV.release.xcconfig"; sourceTree = "<group>"; };
		CEDE44E21ABFA9043D5CD38E /* Pods-VaccineCard.release.xcconfig */ = {isa = PBXFileReference; includeInIndex = 1; lastKnownFileType = text.xcconfig; name = "Pods-VaccineCard.release.xcconfig"; path = "Target Support Files/Pods-VaccineCard/Pods-VaccineCard.release.xcconfig"; sourceTree = "<group>"; };
		D4BD7F98F2752B2DA466EF29 /* Pods-VaccineCard-VaccineCardUITests.debug.xcconfig */ = {isa = PBXFileReference; includeInIndex = 1; lastKnownFileType = text.xcconfig; name = "Pods-VaccineCard-VaccineCardUITests.debug.xcconfig"; path = "Target Support Files/Pods-VaccineCard-VaccineCardUITests/Pods-VaccineCard-VaccineCardUITests.debug.xcconfig"; sourceTree = "<group>"; };
		F73B77F088B903C055BB8A33 /* Pods-VaccineCardTests.release.xcconfig */ = {isa = PBXFileReference; includeInIndex = 1; lastKnownFileType = text.xcconfig; name = "Pods-VaccineCardTests.release.xcconfig"; path = "Target Support Files/Pods-VaccineCardTests/Pods-VaccineCardTests.release.xcconfig"; sourceTree = "<group>"; };
/* End PBXFileReference section */

/* Begin PBXFrameworksBuildPhase section */
		2904724126DD9A75003C4CA2 /* Frameworks */ = {
			isa = PBXFrameworksBuildPhase;
			buildActionMask = 2147483647;
			files = (
				A4152ADDFA2A9CC23ED5DC89 /* Pods_VaccineCardTests.framework in Frameworks */,
			);
			runOnlyForDeploymentPostprocessing = 0;
		};
		2904726226E15210003C4CA2 /* Frameworks */ = {
			isa = PBXFrameworksBuildPhase;
			buildActionMask = 2147483647;
			files = (
				79F1C236B19CDA8CF3D30523 /* Pods_VaccineCardTEST.framework in Frameworks */,
			);
			runOnlyForDeploymentPostprocessing = 0;
		};
		291E8ACF26E90ECE00A60ADD /* Frameworks */ = {
			isa = PBXFrameworksBuildPhase;
			buildActionMask = 2147483647;
			files = (
				EBDEC6D405A587D274658DF1 /* Pods_VaccineCard_VaccineCardUITests.framework in Frameworks */,
			);
			runOnlyForDeploymentPostprocessing = 0;
		};
		292BC31C26D6B16000B0A064 /* Frameworks */ = {
			isa = PBXFrameworksBuildPhase;
			buildActionMask = 2147483647;
			files = (
				0BE0EA09353A777B808964A3 /* (null) in Frameworks */,
				F49428C500F35542E061A5C4 /* Pods_VaccineCard.framework in Frameworks */,
			);
			runOnlyForDeploymentPostprocessing = 0;
		};
		29CAA82B273470DD00A1CAD3 /* Frameworks */ = {
			isa = PBXFrameworksBuildPhase;
			buildActionMask = 2147483647;
			files = (
				1CAD6CD5A4060A6B06CBD226 /* Pods_VaccineCardDEV.framework in Frameworks */,
			);
			runOnlyForDeploymentPostprocessing = 0;
		};
/* End PBXFrameworksBuildPhase section */

/* Begin PBXGroup section */
		2904724526DD9A75003C4CA2 /* VaccineCardTests */ = {
			isa = PBXGroup;
			children = (
				2904724626DD9A75003C4CA2 /* VaccineCardTests.swift */,
				2904724826DD9A75003C4CA2 /* Info.plist */,
			);
			path = VaccineCardTests;
			sourceTree = "<group>";
		};
		29136DD626E281BA00D6D829 /* Frameworks */ = {
			isa = PBXGroup;
			children = (
				29136DDB26E283DC00D6D829 /* TEST Info.plist */,
				8E914790D7771B9D6C9E4901 /* Pods_VaccineCard_VaccineCardUITests.framework */,
				2EDE28D7162B4391813E9D31 /* Pods_VaccineCardTEST.framework */,
				7DCF2A19180E6F4CEC2D55F1 /* Pods_VaccineCardTests.framework */,
				5ADE7EFE6B767FC3B42AF845 /* Pods_VaccineCardDEV.framework */,
				060620513BAF90285A97DFDB /* Pods_VaccineCard.framework */,
			);
			name = Frameworks;
			sourceTree = "<group>";
		};
		291E8AC126E67B4600A60ADD /* Fonts */ = {
			isa = PBXGroup;
			children = (
				291E8AC426E67B5B00A60ADD /* BCSans-Bold.otf */,
				291E8AC326E67B5B00A60ADD /* BCSans-BoldItalic.otf */,
				291E8AC226E67B5B00A60ADD /* BCSans-Italic.otf */,
				291E8AC526E67B5B00A60ADD /* BCSans-Regular.otf */,
			);
			path = Fonts;
			sourceTree = "<group>";
		};
		291E8AD326E90ECE00A60ADD /* VaccineCardUITests */ = {
			isa = PBXGroup;
			children = (
				291E8AD426E90ECE00A60ADD /* VaccineCardUITests.swift */,
				291E8AD626E90ECE00A60ADD /* Info.plist */,
			);
			path = VaccineCardUITests;
			sourceTree = "<group>";
		};
		292BC31626D6B16000B0A064 = {
			isa = PBXGroup;
			children = (
				292BC32126D6B16000B0A064 /* VaccineCard */,
				291E8AC126E67B4600A60ADD /* Fonts */,
				2904724526DD9A75003C4CA2 /* VaccineCardTests */,
				291E8AD326E90ECE00A60ADD /* VaccineCardUITests */,
				292BC32026D6B16000B0A064 /* Products */,
				29136DD626E281BA00D6D829 /* Frameworks */,
				88B4046C0EFC1A60939E009A /* Pods */,
				29CAA83B273470DD00A1CAD3 /* VaccineCard copy-Info.plist */,
			);
			sourceTree = "<group>";
		};
		292BC32026D6B16000B0A064 /* Products */ = {
			isa = PBXGroup;
			children = (
				292BC31F26D6B16000B0A064 /* VaccineCard.app */,
				2904724426DD9A75003C4CA2 /* VaccineCardTests.xctest */,
				2904726A26E15210003C4CA2 /* VaccineCardTEST.app */,
				291E8AD226E90ECE00A60ADD /* VaccineCardUITests.xctest */,
				29CAA83A273470DD00A1CAD3 /* VaccineCardDEV.app */,
			);
			name = Products;
			sourceTree = "<group>";
		};
		292BC32126D6B16000B0A064 /* VaccineCard */ = {
			isa = PBXGroup;
			children = (
				292BC32826D6B16000B0A064 /* Main.storyboard */,
				2953546926F3909600C0E437 /* Views */,
				292BC33826D6B17B00B0A064 /* ViewControllers */,
				292BC35726D6D67300B0A064 /* Services */,
				292BC35E26D6DB3300B0A064 /* Extensions & utilities */,
				2953545326F2725800C0E437 /* Constants */,
				292BC32226D6B16000B0A064 /* AppDelegate.swift */,
				29CAA8152734707D00A1CAD3 /* AppDelegateDEV.swift */,
				29CAA818273470B300A1CAD3 /* AppDeletageTEST.swift */,
				292BC32B26D6B16200B0A064 /* Assets.xcassets */,
				292BC32D26D6B16200B0A064 /* LaunchScreen.storyboard */,
				292BC33026D6B16200B0A064 /* Info.plist */,
				2904726F26E1B7DD003C4CA2 /* GoogleService-Info.plist */,
			);
			path = VaccineCard;
			sourceTree = "<group>";
		};
		292BC33826D6B17B00B0A064 /* ViewControllers */ = {
			isa = PBXGroup;
			children = (
				292BC32626D6B16000B0A064 /* ViewController.swift */,
				292BC35A26D6D79300B0A064 /* ScanResultViewController.swift */,
			);
			path = ViewControllers;
			sourceTree = "<group>";
		};
		292BC35726D6D67300B0A064 /* Services */ = {
			isa = PBXGroup;
			children = (
				29E2184D26F3D26A001FDCD4 /* UpdateManager.swift */,
			);
			path = Services;
			sourceTree = "<group>";
		};
		292BC35E26D6DB3300B0A064 /* Extensions & utilities */ = {
			isa = PBXGroup;
			children = (
				292BC35F26D6DB4400B0A064 /* UIView.swift */,
				292BC36126D6EC9100B0A064 /* UIColor.swift */,
				296030A326D976A40026A0AC /* UIViewController.swift */,
				296030B026DB55F80026A0AC /* String.swift */,
				2904724E26DF44F9003C4CA2 /* Date.swift */,
			);
			path = "Extensions & utilities";
			sourceTree = "<group>";
		};
		2953545326F2725800C0E437 /* Constants */ = {
			isa = PBXGroup;
			children = (
				292BC35C26D6DB2A00B0A064 /* Constants.swift */,
				2953544726F14A7F00C0E437 /* AccessibilityConstants.swift */,
			);
			path = Constants;
			sourceTree = "<group>";
		};
		2953546926F3909600C0E437 /* Views */ = {
			isa = PBXGroup;
			children = (
				29E2184726F39CE9001FDCD4 /* OnBoarding */,
			);
			path = Views;
			sourceTree = "<group>";
		};
		29E2184726F39CE9001FDCD4 /* OnBoarding */ = {
			isa = PBXGroup;
			children = (
				2953546C26F390D000C0E437 /* OnBoardingView.swift */,
				29E2184426F39260001FDCD4 /* OnBoardingView.xib */,
			);
			path = OnBoarding;
			sourceTree = "<group>";
		};
		88B4046C0EFC1A60939E009A /* Pods */ = {
			isa = PBXGroup;
			children = (
				ABEB961C7700BB302888AA68 /* Pods-VaccineCard.debug.xcconfig */,
				CEDE44E21ABFA9043D5CD38E /* Pods-VaccineCard.release.xcconfig */,
				D4BD7F98F2752B2DA466EF29 /* Pods-VaccineCard-VaccineCardUITests.debug.xcconfig */,
				89D493A0BE6EFE49031E23E5 /* Pods-VaccineCard-VaccineCardUITests.release.xcconfig */,
				69415A87A01AB91A421DFF81 /* Pods-VaccineCardTEST.debug.xcconfig */,
				5C65EDBA88D74AF5ADF0152E /* Pods-VaccineCardTEST.release.xcconfig */,
				1FF267934EB27C9366A2A1EA /* Pods-VaccineCardTests.debug.xcconfig */,
				F73B77F088B903C055BB8A33 /* Pods-VaccineCardTests.release.xcconfig */,
				3940F916090119B0602930B9 /* Pods-VaccineCardDEV.debug.xcconfig */,
				AEC5A67FD5157899A55BCC05 /* Pods-VaccineCardDEV.release.xcconfig */,
			);
			path = Pods;
			sourceTree = "<group>";
		};
/* End PBXGroup section */

/* Begin PBXNativeTarget section */
		2904724326DD9A75003C4CA2 /* VaccineCardTests */ = {
			isa = PBXNativeTarget;
			buildConfigurationList = 2904724B26DD9A75003C4CA2 /* Build configuration list for PBXNativeTarget "VaccineCardTests" */;
			buildPhases = (
				0EDE947472BB202AA5396EF5 /* [CP] Check Pods Manifest.lock */,
				2904724026DD9A75003C4CA2 /* Sources */,
				2904724126DD9A75003C4CA2 /* Frameworks */,
				2904724226DD9A75003C4CA2 /* Resources */,
			);
			buildRules = (
			);
			dependencies = (
				2904724A26DD9A75003C4CA2 /* PBXTargetDependency */,
			);
			name = VaccineCardTests;
			productName = VaccineCardTests;
			productReference = 2904724426DD9A75003C4CA2 /* VaccineCardTests.xctest */;
			productType = "com.apple.product-type.bundle.unit-test";
		};
		2904725026E15210003C4CA2 /* VaccineCardTEST */ = {
			isa = PBXNativeTarget;
			buildConfigurationList = 2904726726E15210003C4CA2 /* Build configuration list for PBXNativeTarget "VaccineCardTEST" */;
			buildPhases = (
				124E873BB7FA40EB758D81DB /* [CP] Check Pods Manifest.lock */,
				2904725126E15210003C4CA2 /* Sources */,
				2904726226E15210003C4CA2 /* Frameworks */,
				2904726326E15210003C4CA2 /* Resources */,
				99DE201A5C3B182AFA3F3863 /* [CP] Embed Pods Frameworks */,
			);
			buildRules = (
			);
			dependencies = (
			);
			name = VaccineCardTEST;
			productName = VaccineCard;
			productReference = 2904726A26E15210003C4CA2 /* VaccineCardTEST.app */;
			productType = "com.apple.product-type.application";
		};
		291E8AD126E90ECE00A60ADD /* VaccineCardUITests */ = {
			isa = PBXNativeTarget;
			buildConfigurationList = 291E8AD926E90ECE00A60ADD /* Build configuration list for PBXNativeTarget "VaccineCardUITests" */;
			buildPhases = (
				013346AE5478A177C6E60504 /* [CP] Check Pods Manifest.lock */,
				291E8ACE26E90ECE00A60ADD /* Sources */,
				291E8ACF26E90ECE00A60ADD /* Frameworks */,
				291E8AD026E90ECE00A60ADD /* Resources */,
				960E64452F79AB91F6A48637 /* [CP] Embed Pods Frameworks */,
			);
			buildRules = (
			);
			dependencies = (
				291E8AD826E90ECE00A60ADD /* PBXTargetDependency */,
			);
			name = VaccineCardUITests;
			productName = VaccineCardUITests;
			productReference = 291E8AD226E90ECE00A60ADD /* VaccineCardUITests.xctest */;
			productType = "com.apple.product-type.bundle.ui-testing";
		};
		292BC31E26D6B16000B0A064 /* VaccineCard */ = {
			isa = PBXNativeTarget;
			buildConfigurationList = 292BC33326D6B16200B0A064 /* Build configuration list for PBXNativeTarget "VaccineCard" */;
			buildPhases = (
				4A0622F481250CB26D08A320 /* [CP] Check Pods Manifest.lock */,
				292BC31B26D6B16000B0A064 /* Sources */,
				292BC31C26D6B16000B0A064 /* Frameworks */,
				292BC31D26D6B16000B0A064 /* Resources */,
				D74606AB7960B6ADAC9A1CF9 /* [CP] Embed Pods Frameworks */,
			);
			buildRules = (
			);
			dependencies = (
			);
			name = VaccineCard;
			productName = VaccineCard;
			productReference = 292BC31F26D6B16000B0A064 /* VaccineCard.app */;
			productType = "com.apple.product-type.application";
		};
		29CAA81B273470DD00A1CAD3 /* VaccineCardDEV */ = {
			isa = PBXNativeTarget;
			buildConfigurationList = 29CAA837273470DD00A1CAD3 /* Build configuration list for PBXNativeTarget "VaccineCardDEV" */;
			buildPhases = (
				29CAA81C273470DD00A1CAD3 /* [CP] Check Pods Manifest.lock */,
				29CAA81D273470DD00A1CAD3 /* Sources */,
				29CAA82B273470DD00A1CAD3 /* Frameworks */,
				29CAA82D273470DD00A1CAD3 /* Resources */,
				29CAA836273470DD00A1CAD3 /* [CP] Embed Pods Frameworks */,
			);
			buildRules = (
			);
			dependencies = (
			);
			name = VaccineCardDEV;
			productName = VaccineCard;
			productReference = 29CAA83A273470DD00A1CAD3 /* VaccineCardDEV.app */;
			productType = "com.apple.product-type.application";
		};
/* End PBXNativeTarget section */

/* Begin PBXProject section */
		292BC31726D6B16000B0A064 /* Project object */ = {
			isa = PBXProject;
			attributes = {
				LastSwiftUpdateCheck = 1250;
				LastUpgradeCheck = 1250;
				TargetAttributes = {
					2904724326DD9A75003C4CA2 = {
						CreatedOnToolsVersion = 12.5.1;
						TestTargetID = 292BC31E26D6B16000B0A064;
					};
					291E8AD126E90ECE00A60ADD = {
						CreatedOnToolsVersion = 12.5.1;
						TestTargetID = 292BC31E26D6B16000B0A064;
					};
					292BC31E26D6B16000B0A064 = {
						CreatedOnToolsVersion = 12.5.1;
					};
				};
			};
			buildConfigurationList = 292BC31A26D6B16000B0A064 /* Build configuration list for PBXProject "VaccineCard" */;
			compatibilityVersion = "Xcode 9.3";
			developmentRegion = en;
			hasScannedForEncodings = 0;
			knownRegions = (
				en,
				Base,
			);
			mainGroup = 292BC31626D6B16000B0A064;
			productRefGroup = 292BC32026D6B16000B0A064 /* Products */;
			projectDirPath = "";
			projectRoot = "";
			targets = (
				292BC31E26D6B16000B0A064 /* VaccineCard */,
				2904724326DD9A75003C4CA2 /* VaccineCardTests */,
				291E8AD126E90ECE00A60ADD /* VaccineCardUITests */,
				2904725026E15210003C4CA2 /* VaccineCardTEST */,
				29CAA81B273470DD00A1CAD3 /* VaccineCardDEV */,
			);
		};
/* End PBXProject section */

/* Begin PBXResourcesBuildPhase section */
		2904724226DD9A75003C4CA2 /* Resources */ = {
			isa = PBXResourcesBuildPhase;
			buildActionMask = 2147483647;
			files = (
			);
			runOnlyForDeploymentPostprocessing = 0;
		};
		2904726326E15210003C4CA2 /* Resources */ = {
			isa = PBXResourcesBuildPhase;
			buildActionMask = 2147483647;
			files = (
				2904726426E15210003C4CA2 /* LaunchScreen.storyboard in Resources */,
				291E8ACD26E67B5B00A60ADD /* BCSans-Regular.otf in Resources */,
				2904726526E15210003C4CA2 /* Assets.xcassets in Resources */,
				2904726626E15210003C4CA2 /* Main.storyboard in Resources */,
				291E8AC926E67B5B00A60ADD /* BCSans-BoldItalic.otf in Resources */,
				29136DDC26E283DC00D6D829 /* TEST Info.plist in Resources */,
				291E8ACB26E67B5B00A60ADD /* BCSans-Bold.otf in Resources */,
				291E8AC726E67B5B00A60ADD /* BCSans-Italic.otf in Resources */,
				29E2184626F3927A001FDCD4 /* OnBoardingView.xib in Resources */,
			);
			runOnlyForDeploymentPostprocessing = 0;
		};
		291E8AD026E90ECE00A60ADD /* Resources */ = {
			isa = PBXResourcesBuildPhase;
			buildActionMask = 2147483647;
			files = (
			);
			runOnlyForDeploymentPostprocessing = 0;
		};
		292BC31D26D6B16000B0A064 /* Resources */ = {
			isa = PBXResourcesBuildPhase;
			buildActionMask = 2147483647;
			files = (
				292BC32F26D6B16200B0A064 /* LaunchScreen.storyboard in Resources */,
				291E8AC626E67B5B00A60ADD /* BCSans-Italic.otf in Resources */,
				291E8ACA26E67B5B00A60ADD /* BCSans-Bold.otf in Resources */,
				291E8AC826E67B5B00A60ADD /* BCSans-BoldItalic.otf in Resources */,
				29E2184526F39260001FDCD4 /* OnBoardingView.xib in Resources */,
				292BC32C26D6B16200B0A064 /* Assets.xcassets in Resources */,
				292BC32A26D6B16000B0A064 /* Main.storyboard in Resources */,
				291E8ACC26E67B5B00A60ADD /* BCSans-Regular.otf in Resources */,
			);
			runOnlyForDeploymentPostprocessing = 0;
		};
		29CAA82D273470DD00A1CAD3 /* Resources */ = {
			isa = PBXResourcesBuildPhase;
			buildActionMask = 2147483647;
			files = (
				29CAA82E273470DD00A1CAD3 /* LaunchScreen.storyboard in Resources */,
				29CAA82F273470DD00A1CAD3 /* BCSans-Italic.otf in Resources */,
				29B446A82734727A00E0F967 /* GoogleService-Info.plist in Resources */,
				29CAA830273470DD00A1CAD3 /* BCSans-Bold.otf in Resources */,
				29CAA831273470DD00A1CAD3 /* BCSans-BoldItalic.otf in Resources */,
				29CAA832273470DD00A1CAD3 /* OnBoardingView.xib in Resources */,
				29CAA833273470DD00A1CAD3 /* Assets.xcassets in Resources */,
				29CAA834273470DD00A1CAD3 /* Main.storyboard in Resources */,
				29CAA835273470DD00A1CAD3 /* BCSans-Regular.otf in Resources */,
			);
			runOnlyForDeploymentPostprocessing = 0;
		};
/* End PBXResourcesBuildPhase section */

/* Begin PBXShellScriptBuildPhase section */
		013346AE5478A177C6E60504 /* [CP] Check Pods Manifest.lock */ = {
			isa = PBXShellScriptBuildPhase;
			buildActionMask = 2147483647;
			files = (
			);
			inputFileListPaths = (
			);
			inputPaths = (
				"${PODS_PODFILE_DIR_PATH}/Podfile.lock",
				"${PODS_ROOT}/Manifest.lock",
			);
			name = "[CP] Check Pods Manifest.lock";
			outputFileListPaths = (
			);
			outputPaths = (
				"$(DERIVED_FILE_DIR)/Pods-VaccineCard-VaccineCardUITests-checkManifestLockResult.txt",
			);
			runOnlyForDeploymentPostprocessing = 0;
			shellPath = /bin/sh;
			shellScript = "diff \"${PODS_PODFILE_DIR_PATH}/Podfile.lock\" \"${PODS_ROOT}/Manifest.lock\" > /dev/null\nif [ $? != 0 ] ; then\n    # print error to STDERR\n    echo \"error: The sandbox is not in sync with the Podfile.lock. Run 'pod install' or update your CocoaPods installation.\" >&2\n    exit 1\nfi\n# This output is used by Xcode 'outputs' to avoid re-running this script phase.\necho \"SUCCESS\" > \"${SCRIPT_OUTPUT_FILE_0}\"\n";
			showEnvVarsInLog = 0;
		};
		0EDE947472BB202AA5396EF5 /* [CP] Check Pods Manifest.lock */ = {
			isa = PBXShellScriptBuildPhase;
			buildActionMask = 2147483647;
			files = (
			);
			inputFileListPaths = (
			);
			inputPaths = (
				"${PODS_PODFILE_DIR_PATH}/Podfile.lock",
				"${PODS_ROOT}/Manifest.lock",
			);
			name = "[CP] Check Pods Manifest.lock";
			outputFileListPaths = (
			);
			outputPaths = (
				"$(DERIVED_FILE_DIR)/Pods-VaccineCardTests-checkManifestLockResult.txt",
			);
			runOnlyForDeploymentPostprocessing = 0;
			shellPath = /bin/sh;
			shellScript = "diff \"${PODS_PODFILE_DIR_PATH}/Podfile.lock\" \"${PODS_ROOT}/Manifest.lock\" > /dev/null\nif [ $? != 0 ] ; then\n    # print error to STDERR\n    echo \"error: The sandbox is not in sync with the Podfile.lock. Run 'pod install' or update your CocoaPods installation.\" >&2\n    exit 1\nfi\n# This output is used by Xcode 'outputs' to avoid re-running this script phase.\necho \"SUCCESS\" > \"${SCRIPT_OUTPUT_FILE_0}\"\n";
			showEnvVarsInLog = 0;
		};
		124E873BB7FA40EB758D81DB /* [CP] Check Pods Manifest.lock */ = {
			isa = PBXShellScriptBuildPhase;
			buildActionMask = 2147483647;
			files = (
			);
			inputFileListPaths = (
			);
			inputPaths = (
				"${PODS_PODFILE_DIR_PATH}/Podfile.lock",
				"${PODS_ROOT}/Manifest.lock",
			);
			name = "[CP] Check Pods Manifest.lock";
			outputFileListPaths = (
			);
			outputPaths = (
				"$(DERIVED_FILE_DIR)/Pods-VaccineCardTEST-checkManifestLockResult.txt",
			);
			runOnlyForDeploymentPostprocessing = 0;
			shellPath = /bin/sh;
			shellScript = "diff \"${PODS_PODFILE_DIR_PATH}/Podfile.lock\" \"${PODS_ROOT}/Manifest.lock\" > /dev/null\nif [ $? != 0 ] ; then\n    # print error to STDERR\n    echo \"error: The sandbox is not in sync with the Podfile.lock. Run 'pod install' or update your CocoaPods installation.\" >&2\n    exit 1\nfi\n# This output is used by Xcode 'outputs' to avoid re-running this script phase.\necho \"SUCCESS\" > \"${SCRIPT_OUTPUT_FILE_0}\"\n";
			showEnvVarsInLog = 0;
		};
		29CAA81C273470DD00A1CAD3 /* [CP] Check Pods Manifest.lock */ = {
			isa = PBXShellScriptBuildPhase;
			buildActionMask = 2147483647;
			files = (
			);
			inputFileListPaths = (
			);
			inputPaths = (
				"${PODS_PODFILE_DIR_PATH}/Podfile.lock",
				"${PODS_ROOT}/Manifest.lock",
			);
			name = "[CP] Check Pods Manifest.lock";
			outputFileListPaths = (
			);
			outputPaths = (
				"$(DERIVED_FILE_DIR)/Pods-VaccineCardDEV-checkManifestLockResult.txt",
			);
			runOnlyForDeploymentPostprocessing = 0;
			shellPath = /bin/sh;
			shellScript = "diff \"${PODS_PODFILE_DIR_PATH}/Podfile.lock\" \"${PODS_ROOT}/Manifest.lock\" > /dev/null\nif [ $? != 0 ] ; then\n    # print error to STDERR\n    echo \"error: The sandbox is not in sync with the Podfile.lock. Run 'pod install' or update your CocoaPods installation.\" >&2\n    exit 1\nfi\n# This output is used by Xcode 'outputs' to avoid re-running this script phase.\necho \"SUCCESS\" > \"${SCRIPT_OUTPUT_FILE_0}\"\n";
			showEnvVarsInLog = 0;
		};
		29CAA836273470DD00A1CAD3 /* [CP] Embed Pods Frameworks */ = {
			isa = PBXShellScriptBuildPhase;
			buildActionMask = 2147483647;
			files = (
			);
			inputFileListPaths = (
				"${PODS_ROOT}/Target Support Files/Pods-VaccineCardDEV/Pods-VaccineCardDEV-frameworks-${CONFIGURATION}-input-files.xcfilelist",
			);
			name = "[CP] Embed Pods Frameworks";
			outputFileListPaths = (
				"${PODS_ROOT}/Target Support Files/Pods-VaccineCardDEV/Pods-VaccineCardDEV-frameworks-${CONFIGURATION}-output-files.xcfilelist",
			);
			runOnlyForDeploymentPostprocessing = 0;
			shellPath = /bin/sh;
			shellScript = "\"${PODS_ROOT}/Target Support Files/Pods-VaccineCardDEV/Pods-VaccineCardDEV-frameworks.sh\"\n";
			showEnvVarsInLog = 0;
		};
		4A0622F481250CB26D08A320 /* [CP] Check Pods Manifest.lock */ = {
			isa = PBXShellScriptBuildPhase;
			buildActionMask = 2147483647;
			files = (
			);
			inputFileListPaths = (
			);
			inputPaths = (
				"${PODS_PODFILE_DIR_PATH}/Podfile.lock",
				"${PODS_ROOT}/Manifest.lock",
			);
			name = "[CP] Check Pods Manifest.lock";
			outputFileListPaths = (
			);
			outputPaths = (
				"$(DERIVED_FILE_DIR)/Pods-VaccineCard-checkManifestLockResult.txt",
			);
			runOnlyForDeploymentPostprocessing = 0;
			shellPath = /bin/sh;
			shellScript = "diff \"${PODS_PODFILE_DIR_PATH}/Podfile.lock\" \"${PODS_ROOT}/Manifest.lock\" > /dev/null\nif [ $? != 0 ] ; then\n    # print error to STDERR\n    echo \"error: The sandbox is not in sync with the Podfile.lock. Run 'pod install' or update your CocoaPods installation.\" >&2\n    exit 1\nfi\n# This output is used by Xcode 'outputs' to avoid re-running this script phase.\necho \"SUCCESS\" > \"${SCRIPT_OUTPUT_FILE_0}\"\n";
			showEnvVarsInLog = 0;
		};
		960E64452F79AB91F6A48637 /* [CP] Embed Pods Frameworks */ = {
			isa = PBXShellScriptBuildPhase;
			buildActionMask = 2147483647;
			files = (
			);
			inputFileListPaths = (
				"${PODS_ROOT}/Target Support Files/Pods-VaccineCard-VaccineCardUITests/Pods-VaccineCard-VaccineCardUITests-frameworks-${CONFIGURATION}-input-files.xcfilelist",
			);
			name = "[CP] Embed Pods Frameworks";
			outputFileListPaths = (
				"${PODS_ROOT}/Target Support Files/Pods-VaccineCard-VaccineCardUITests/Pods-VaccineCard-VaccineCardUITests-frameworks-${CONFIGURATION}-output-files.xcfilelist",
			);
			runOnlyForDeploymentPostprocessing = 0;
			shellPath = /bin/sh;
			shellScript = "\"${PODS_ROOT}/Target Support Files/Pods-VaccineCard-VaccineCardUITests/Pods-VaccineCard-VaccineCardUITests-frameworks.sh\"\n";
			showEnvVarsInLog = 0;
		};
		99DE201A5C3B182AFA3F3863 /* [CP] Embed Pods Frameworks */ = {
			isa = PBXShellScriptBuildPhase;
			buildActionMask = 2147483647;
			files = (
			);
			inputFileListPaths = (
				"${PODS_ROOT}/Target Support Files/Pods-VaccineCardTEST/Pods-VaccineCardTEST-frameworks-${CONFIGURATION}-input-files.xcfilelist",
			);
			name = "[CP] Embed Pods Frameworks";
			outputFileListPaths = (
				"${PODS_ROOT}/Target Support Files/Pods-VaccineCardTEST/Pods-VaccineCardTEST-frameworks-${CONFIGURATION}-output-files.xcfilelist",
			);
			runOnlyForDeploymentPostprocessing = 0;
			shellPath = /bin/sh;
			shellScript = "\"${PODS_ROOT}/Target Support Files/Pods-VaccineCardTEST/Pods-VaccineCardTEST-frameworks.sh\"\n";
			showEnvVarsInLog = 0;
		};
		D74606AB7960B6ADAC9A1CF9 /* [CP] Embed Pods Frameworks */ = {
			isa = PBXShellScriptBuildPhase;
			buildActionMask = 2147483647;
			files = (
			);
			inputFileListPaths = (
				"${PODS_ROOT}/Target Support Files/Pods-VaccineCard/Pods-VaccineCard-frameworks-${CONFIGURATION}-input-files.xcfilelist",
			);
			name = "[CP] Embed Pods Frameworks";
			outputFileListPaths = (
				"${PODS_ROOT}/Target Support Files/Pods-VaccineCard/Pods-VaccineCard-frameworks-${CONFIGURATION}-output-files.xcfilelist",
			);
			runOnlyForDeploymentPostprocessing = 0;
			shellPath = /bin/sh;
			shellScript = "\"${PODS_ROOT}/Target Support Files/Pods-VaccineCard/Pods-VaccineCard-frameworks.sh\"\n";
			showEnvVarsInLog = 0;
		};
/* End PBXShellScriptBuildPhase section */

/* Begin PBXSourcesBuildPhase section */
		2904724026DD9A75003C4CA2 /* Sources */ = {
			isa = PBXSourcesBuildPhase;
			buildActionMask = 2147483647;
			files = (
				2904724726DD9A75003C4CA2 /* VaccineCardTests.swift in Sources */,
			);
			runOnlyForDeploymentPostprocessing = 0;
		};
		2904725126E15210003C4CA2 /* Sources */ = {
			isa = PBXSourcesBuildPhase;
			buildActionMask = 2147483647;
			files = (
				2904725226E15210003C4CA2 /* ViewController.swift in Sources */,
				29A2470D26F39203001ED8A9 /* OnBoardingView.swift in Sources */,
				2904725326E15210003C4CA2 /* UIColor.swift in Sources */,
				2904725426E15210003C4CA2 /* Constants.swift in Sources */,
				2904725526E15210003C4CA2 /* Date.swift in Sources */,
				2904725826E15210003C4CA2 /* UIViewController.swift in Sources */,
				2904725926E15210003C4CA2 /* ScanResultViewController.swift in Sources */,
				2953544926F14A9300C0E437 /* AccessibilityConstants.swift in Sources */,
				2904725D26E15210003C4CA2 /* UIView.swift in Sources */,
				29E2184F26F3D26A001FDCD4 /* UpdateManager.swift in Sources */,
				2904725F26E15210003C4CA2 /* String.swift in Sources */,
				29CAA81A273470CD00A1CAD3 /* AppDeletageTEST.swift in Sources */,
			);
			runOnlyForDeploymentPostprocessing = 0;
		};
		291E8ACE26E90ECE00A60ADD /* Sources */ = {
			isa = PBXSourcesBuildPhase;
			buildActionMask = 2147483647;
			files = (
				291E8AD526E90ECE00A60ADD /* VaccineCardUITests.swift in Sources */,
			);
			runOnlyForDeploymentPostprocessing = 0;
		};
		292BC31B26D6B16000B0A064 /* Sources */ = {
			isa = PBXSourcesBuildPhase;
			buildActionMask = 2147483647;
			files = (
				292BC32726D6B16000B0A064 /* ViewController.swift in Sources */,
				292BC36226D6EC9100B0A064 /* UIColor.swift in Sources */,
				292BC35D26D6DB2A00B0A064 /* Constants.swift in Sources */,
				2904724F26DF44F9003C4CA2 /* Date.swift in Sources */,
				292BC32326D6B16000B0A064 /* AppDelegate.swift in Sources */,
				296030A426D976A40026A0AC /* UIViewController.swift in Sources */,
				292BC35B26D6D79300B0A064 /* ScanResultViewController.swift in Sources */,
				2953544826F14A7F00C0E437 /* AccessibilityConstants.swift in Sources */,
				292BC36026D6DB4400B0A064 /* UIView.swift in Sources */,
				29E2184E26F3D26A001FDCD4 /* UpdateManager.swift in Sources */,
				2953546D26F390D000C0E437 /* OnBoardingView.swift in Sources */,
				296030B126DB55F80026A0AC /* String.swift in Sources */,
			);
			runOnlyForDeploymentPostprocessing = 0;
		};
		29CAA81D273470DD00A1CAD3 /* Sources */ = {
			isa = PBXSourcesBuildPhase;
			buildActionMask = 2147483647;
			files = (
				29CAA81E273470DD00A1CAD3 /* ViewController.swift in Sources */,
				29CAA81F273470DD00A1CAD3 /* UIColor.swift in Sources */,
				29CAA820273470DD00A1CAD3 /* Constants.swift in Sources */,
				29CAA821273470DD00A1CAD3 /* Date.swift in Sources */,
				29CAA823273470DD00A1CAD3 /* UIViewController.swift in Sources */,
				29CAA83C273470F200A1CAD3 /* AppDelegateDEV.swift in Sources */,
				29CAA824273470DD00A1CAD3 /* ScanResultViewController.swift in Sources */,
				29CAA825273470DD00A1CAD3 /* AccessibilityConstants.swift in Sources */,
				29CAA826273470DD00A1CAD3 /* UIView.swift in Sources */,
				29CAA827273470DD00A1CAD3 /* UpdateManager.swift in Sources */,
				29CAA828273470DD00A1CAD3 /* OnBoardingView.swift in Sources */,
				29CAA829273470DD00A1CAD3 /* String.swift in Sources */,
			);
			runOnlyForDeploymentPostprocessing = 0;
		};
/* End PBXSourcesBuildPhase section */

/* Begin PBXTargetDependency section */
		2904724A26DD9A75003C4CA2 /* PBXTargetDependency */ = {
			isa = PBXTargetDependency;
			target = 292BC31E26D6B16000B0A064 /* VaccineCard */;
			targetProxy = 2904724926DD9A75003C4CA2 /* PBXContainerItemProxy */;
		};
		291E8AD826E90ECE00A60ADD /* PBXTargetDependency */ = {
			isa = PBXTargetDependency;
			target = 292BC31E26D6B16000B0A064 /* VaccineCard */;
			targetProxy = 291E8AD726E90ECE00A60ADD /* PBXContainerItemProxy */;
		};
/* End PBXTargetDependency section */

/* Begin PBXVariantGroup section */
		292BC32826D6B16000B0A064 /* Main.storyboard */ = {
			isa = PBXVariantGroup;
			children = (
				292BC32926D6B16000B0A064 /* Base */,
			);
			name = Main.storyboard;
			sourceTree = "<group>";
		};
		292BC32D26D6B16200B0A064 /* LaunchScreen.storyboard */ = {
			isa = PBXVariantGroup;
			children = (
				292BC32E26D6B16200B0A064 /* Base */,
			);
			name = LaunchScreen.storyboard;
			sourceTree = "<group>";
		};
/* End PBXVariantGroup section */

/* Begin XCBuildConfiguration section */
		2904724C26DD9A75003C4CA2 /* Debug */ = {
			isa = XCBuildConfiguration;
			baseConfigurationReference = 1FF267934EB27C9366A2A1EA /* Pods-VaccineCardTests.debug.xcconfig */;
			buildSettings = {
				BUNDLE_LOADER = "$(TEST_HOST)";
				CODE_SIGN_STYLE = Automatic;
				DEVELOPMENT_TEAM = YJY3GTSU5J;
				INFOPLIST_FILE = VaccineCardTests/Info.plist;
				IPHONEOS_DEPLOYMENT_TARGET = 14.5;
				LD_RUNPATH_SEARCH_PATHS = (
					"$(inherited)",
					"@executable_path/Frameworks",
					"@loader_path/Frameworks",
				);
				PRODUCT_BUNDLE_IDENTIFIER = ca.shayegh.VaccineCardTests;
				PRODUCT_NAME = "$(TARGET_NAME)";
				SWIFT_VERSION = 5.0;
				TARGETED_DEVICE_FAMILY = "1,2";
				TEST_HOST = "$(BUILT_PRODUCTS_DIR)/VaccineCard.app/VaccineCard";
			};
			name = Debug;
		};
		2904724D26DD9A75003C4CA2 /* Release */ = {
			isa = XCBuildConfiguration;
			baseConfigurationReference = F73B77F088B903C055BB8A33 /* Pods-VaccineCardTests.release.xcconfig */;
			buildSettings = {
				BUNDLE_LOADER = "$(TEST_HOST)";
				CODE_SIGN_STYLE = Automatic;
				DEVELOPMENT_TEAM = YJY3GTSU5J;
				INFOPLIST_FILE = VaccineCardTests/Info.plist;
				IPHONEOS_DEPLOYMENT_TARGET = 14.5;
				LD_RUNPATH_SEARCH_PATHS = (
					"$(inherited)",
					"@executable_path/Frameworks",
					"@loader_path/Frameworks",
				);
				PRODUCT_BUNDLE_IDENTIFIER = ca.shayegh.VaccineCardTests;
				PRODUCT_NAME = "$(TARGET_NAME)";
				SWIFT_VERSION = 5.0;
				TARGETED_DEVICE_FAMILY = "1,2";
				TEST_HOST = "$(BUILT_PRODUCTS_DIR)/VaccineCard.app/VaccineCard";
			};
			name = Release;
		};
		2904726826E15210003C4CA2 /* Debug */ = {
			isa = XCBuildConfiguration;
			baseConfigurationReference = 69415A87A01AB91A421DFF81 /* Pods-VaccineCardTEST.debug.xcconfig */;
			buildSettings = {
				ASSETCATALOG_COMPILER_APPICON_NAME = AppIcon;
				ASSETCATALOG_COMPILER_GLOBAL_ACCENT_COLOR_NAME = AccentColor;
				CODE_SIGN_IDENTITY = "iPhone Developer";
				CODE_SIGN_STYLE = Manual;
				CURRENT_PROJECT_VERSION = 1;
				DEVELOPMENT_TEAM = L796QSLV3E;
				INFOPLIST_FILE = "TEST Info.plist";
				LD_RUNPATH_SEARCH_PATHS = (
					"$(inherited)",
					"@executable_path/Frameworks",
				);
				MARKETING_VERSION = 1.0.4;
				PRODUCT_BUNDLE_IDENTIFIER = ca.bc.gov.VaxCheck;
				PRODUCT_NAME = "$(TARGET_NAME)";
				PROVISIONING_PROFILE_SPECIFIER = "VaxCheck Development";
				SWIFT_VERSION = 5.0;
				TARGETED_DEVICE_FAMILY = "1,2";
			};
			name = Debug;
		};
		2904726926E15210003C4CA2 /* Release */ = {
			isa = XCBuildConfiguration;
			baseConfigurationReference = 5C65EDBA88D74AF5ADF0152E /* Pods-VaccineCardTEST.release.xcconfig */;
			buildSettings = {
				ASSETCATALOG_COMPILER_APPICON_NAME = AppIcon;
				ASSETCATALOG_COMPILER_GLOBAL_ACCENT_COLOR_NAME = AccentColor;
				CODE_SIGN_IDENTITY = "iPhone Developer";
				CODE_SIGN_STYLE = Manual;
				CURRENT_PROJECT_VERSION = 1;
				DEVELOPMENT_TEAM = L796QSLV3E;
				INFOPLIST_FILE = "TEST Info.plist";
				LD_RUNPATH_SEARCH_PATHS = (
					"$(inherited)",
					"@executable_path/Frameworks",
				);
				MARKETING_VERSION = 1.0.4;
				PRODUCT_BUNDLE_IDENTIFIER = ca.bc.gov.VaxCheck;
				PRODUCT_NAME = "$(TARGET_NAME)";
				PROVISIONING_PROFILE_SPECIFIER = "VaxCheck Development";
				SWIFT_VERSION = 5.0;
				TARGETED_DEVICE_FAMILY = "1,2";
			};
			name = Release;
		};
		291E8ADA26E90ECE00A60ADD /* Debug */ = {
			isa = XCBuildConfiguration;
			baseConfigurationReference = D4BD7F98F2752B2DA466EF29 /* Pods-VaccineCard-VaccineCardUITests.debug.xcconfig */;
			buildSettings = {
				CODE_SIGN_STYLE = Automatic;
				DEVELOPMENT_TEAM = YJY3GTSU5J;
				INFOPLIST_FILE = VaccineCardUITests/Info.plist;
				IPHONEOS_DEPLOYMENT_TARGET = 14.5;
				LD_RUNPATH_SEARCH_PATHS = (
					"$(inherited)",
					"@executable_path/Frameworks",
					"@loader_path/Frameworks",
				);
				PRODUCT_BUNDLE_IDENTIFIER = ca.shayegh.VaccineCardUITests;
				PRODUCT_NAME = "$(TARGET_NAME)";
				SWIFT_VERSION = 5.0;
				TARGETED_DEVICE_FAMILY = "1,2";
				TEST_TARGET_NAME = VaccineCard;
			};
			name = Debug;
		};
		291E8ADB26E90ECE00A60ADD /* Release */ = {
			isa = XCBuildConfiguration;
			baseConfigurationReference = 89D493A0BE6EFE49031E23E5 /* Pods-VaccineCard-VaccineCardUITests.release.xcconfig */;
			buildSettings = {
				CODE_SIGN_STYLE = Automatic;
				DEVELOPMENT_TEAM = YJY3GTSU5J;
				INFOPLIST_FILE = VaccineCardUITests/Info.plist;
				IPHONEOS_DEPLOYMENT_TARGET = 14.5;
				LD_RUNPATH_SEARCH_PATHS = (
					"$(inherited)",
					"@executable_path/Frameworks",
					"@loader_path/Frameworks",
				);
				PRODUCT_BUNDLE_IDENTIFIER = ca.shayegh.VaccineCardUITests;
				PRODUCT_NAME = "$(TARGET_NAME)";
				SWIFT_VERSION = 5.0;
				TARGETED_DEVICE_FAMILY = "1,2";
				TEST_TARGET_NAME = VaccineCard;
			};
			name = Release;
		};
		292BC33126D6B16200B0A064 /* Debug */ = {
			isa = XCBuildConfiguration;
			buildSettings = {
				ALWAYS_SEARCH_USER_PATHS = NO;
				CLANG_ANALYZER_NONNULL = YES;
				CLANG_ANALYZER_NUMBER_OBJECT_CONVERSION = YES_AGGRESSIVE;
				CLANG_CXX_LANGUAGE_STANDARD = "gnu++14";
				CLANG_CXX_LIBRARY = "libc++";
				CLANG_ENABLE_MODULES = YES;
				CLANG_ENABLE_OBJC_ARC = YES;
				CLANG_ENABLE_OBJC_WEAK = YES;
				CLANG_WARN_BLOCK_CAPTURE_AUTORELEASING = YES;
				CLANG_WARN_BOOL_CONVERSION = YES;
				CLANG_WARN_COMMA = YES;
				CLANG_WARN_CONSTANT_CONVERSION = YES;
				CLANG_WARN_DEPRECATED_OBJC_IMPLEMENTATIONS = YES;
				CLANG_WARN_DIRECT_OBJC_ISA_USAGE = YES_ERROR;
				CLANG_WARN_DOCUMENTATION_COMMENTS = YES;
				CLANG_WARN_EMPTY_BODY = YES;
				CLANG_WARN_ENUM_CONVERSION = YES;
				CLANG_WARN_INFINITE_RECURSION = YES;
				CLANG_WARN_INT_CONVERSION = YES;
				CLANG_WARN_NON_LITERAL_NULL_CONVERSION = YES;
				CLANG_WARN_OBJC_IMPLICIT_RETAIN_SELF = YES;
				CLANG_WARN_OBJC_LITERAL_CONVERSION = YES;
				CLANG_WARN_OBJC_ROOT_CLASS = YES_ERROR;
				CLANG_WARN_QUOTED_INCLUDE_IN_FRAMEWORK_HEADER = YES;
				CLANG_WARN_RANGE_LOOP_ANALYSIS = YES;
				CLANG_WARN_STRICT_PROTOTYPES = YES;
				CLANG_WARN_SUSPICIOUS_MOVE = YES;
				CLANG_WARN_UNGUARDED_AVAILABILITY = YES_AGGRESSIVE;
				CLANG_WARN_UNREACHABLE_CODE = YES;
				CLANG_WARN__DUPLICATE_METHOD_MATCH = YES;
				COPY_PHASE_STRIP = NO;
				DEBUG_INFORMATION_FORMAT = dwarf;
				ENABLE_STRICT_OBJC_MSGSEND = YES;
				ENABLE_TESTABILITY = YES;
				GCC_C_LANGUAGE_STANDARD = gnu11;
				GCC_DYNAMIC_NO_PIC = NO;
				GCC_NO_COMMON_BLOCKS = YES;
				GCC_OPTIMIZATION_LEVEL = 0;
				GCC_PREPROCESSOR_DEFINITIONS = (
					"DEBUG=1",
					"$(inherited)",
				);
				GCC_WARN_64_TO_32_BIT_CONVERSION = YES;
				GCC_WARN_ABOUT_RETURN_TYPE = YES_ERROR;
				GCC_WARN_UNDECLARED_SELECTOR = YES;
				GCC_WARN_UNINITIALIZED_AUTOS = YES_AGGRESSIVE;
				GCC_WARN_UNUSED_FUNCTION = YES;
				GCC_WARN_UNUSED_VARIABLE = YES;
				IPHONEOS_DEPLOYMENT_TARGET = 11.0;
				MTL_ENABLE_DEBUG_INFO = INCLUDE_SOURCE;
				MTL_FAST_MATH = YES;
				ONLY_ACTIVE_ARCH = YES;
				SDKROOT = iphoneos;
				SWIFT_ACTIVE_COMPILATION_CONDITIONS = DEBUG;
				SWIFT_OPTIMIZATION_LEVEL = "-Onone";
			};
			name = Debug;
		};
		292BC33226D6B16200B0A064 /* Release */ = {
			isa = XCBuildConfiguration;
			buildSettings = {
				ALWAYS_SEARCH_USER_PATHS = NO;
				CLANG_ANALYZER_NONNULL = YES;
				CLANG_ANALYZER_NUMBER_OBJECT_CONVERSION = YES_AGGRESSIVE;
				CLANG_CXX_LANGUAGE_STANDARD = "gnu++14";
				CLANG_CXX_LIBRARY = "libc++";
				CLANG_ENABLE_MODULES = YES;
				CLANG_ENABLE_OBJC_ARC = YES;
				CLANG_ENABLE_OBJC_WEAK = YES;
				CLANG_WARN_BLOCK_CAPTURE_AUTORELEASING = YES;
				CLANG_WARN_BOOL_CONVERSION = YES;
				CLANG_WARN_COMMA = YES;
				CLANG_WARN_CONSTANT_CONVERSION = YES;
				CLANG_WARN_DEPRECATED_OBJC_IMPLEMENTATIONS = YES;
				CLANG_WARN_DIRECT_OBJC_ISA_USAGE = YES_ERROR;
				CLANG_WARN_DOCUMENTATION_COMMENTS = YES;
				CLANG_WARN_EMPTY_BODY = YES;
				CLANG_WARN_ENUM_CONVERSION = YES;
				CLANG_WARN_INFINITE_RECURSION = YES;
				CLANG_WARN_INT_CONVERSION = YES;
				CLANG_WARN_NON_LITERAL_NULL_CONVERSION = YES;
				CLANG_WARN_OBJC_IMPLICIT_RETAIN_SELF = YES;
				CLANG_WARN_OBJC_LITERAL_CONVERSION = YES;
				CLANG_WARN_OBJC_ROOT_CLASS = YES_ERROR;
				CLANG_WARN_QUOTED_INCLUDE_IN_FRAMEWORK_HEADER = YES;
				CLANG_WARN_RANGE_LOOP_ANALYSIS = YES;
				CLANG_WARN_STRICT_PROTOTYPES = YES;
				CLANG_WARN_SUSPICIOUS_MOVE = YES;
				CLANG_WARN_UNGUARDED_AVAILABILITY = YES_AGGRESSIVE;
				CLANG_WARN_UNREACHABLE_CODE = YES;
				CLANG_WARN__DUPLICATE_METHOD_MATCH = YES;
				COPY_PHASE_STRIP = NO;
				DEBUG_INFORMATION_FORMAT = "dwarf-with-dsym";
				ENABLE_NS_ASSERTIONS = NO;
				ENABLE_STRICT_OBJC_MSGSEND = YES;
				GCC_C_LANGUAGE_STANDARD = gnu11;
				GCC_NO_COMMON_BLOCKS = YES;
				GCC_WARN_64_TO_32_BIT_CONVERSION = YES;
				GCC_WARN_ABOUT_RETURN_TYPE = YES_ERROR;
				GCC_WARN_UNDECLARED_SELECTOR = YES;
				GCC_WARN_UNINITIALIZED_AUTOS = YES_AGGRESSIVE;
				GCC_WARN_UNUSED_FUNCTION = YES;
				GCC_WARN_UNUSED_VARIABLE = YES;
				IPHONEOS_DEPLOYMENT_TARGET = 11.0;
				MTL_ENABLE_DEBUG_INFO = NO;
				MTL_FAST_MATH = YES;
				SDKROOT = iphoneos;
				SWIFT_COMPILATION_MODE = wholemodule;
				SWIFT_OPTIMIZATION_LEVEL = "-O";
				VALIDATE_PRODUCT = YES;
			};
			name = Release;
		};
		292BC33426D6B16200B0A064 /* Debug */ = {
			isa = XCBuildConfiguration;
			baseConfigurationReference = ABEB961C7700BB302888AA68 /* Pods-VaccineCard.debug.xcconfig */;
			buildSettings = {
				ASSETCATALOG_COMPILER_APPICON_NAME = AppIcon;
				ASSETCATALOG_COMPILER_GLOBAL_ACCENT_COLOR_NAME = AccentColor;
				CODE_SIGN_IDENTITY = "iPhone Developer";
				CODE_SIGN_STYLE = Manual;
				CURRENT_PROJECT_VERSION = 1;
				DEVELOPMENT_TEAM = L796QSLV3E;
				INFOPLIST_FILE = VaccineCard/Info.plist;
				LD_RUNPATH_SEARCH_PATHS = (
					"$(inherited)",
					"@executable_path/Frameworks",
				);
				MARKETING_VERSION = 1.0.4;
				PRODUCT_BUNDLE_IDENTIFIER = ca.bc.gov.VaxCheck;
				PRODUCT_NAME = "$(TARGET_NAME)";
				PROVISIONING_PROFILE_SPECIFIER = "VaxCheck Development";
				SWIFT_VERSION = 5.0;
				TARGETED_DEVICE_FAMILY = "1,2";
			};
			name = Debug;
		};
		292BC33526D6B16200B0A064 /* Release */ = {
			isa = XCBuildConfiguration;
			baseConfigurationReference = CEDE44E21ABFA9043D5CD38E /* Pods-VaccineCard.release.xcconfig */;
			buildSettings = {
				ASSETCATALOG_COMPILER_APPICON_NAME = AppIcon;
				ASSETCATALOG_COMPILER_GLOBAL_ACCENT_COLOR_NAME = AccentColor;
				CODE_SIGN_IDENTITY = "iPhone Distribution";
				CODE_SIGN_STYLE = Manual;
				CURRENT_PROJECT_VERSION = 1;
				DEVELOPMENT_TEAM = L796QSLV3E;
				INFOPLIST_FILE = VaccineCard/Info.plist;
				LD_RUNPATH_SEARCH_PATHS = (
					"$(inherited)",
					"@executable_path/Frameworks",
				);
				MARKETING_VERSION = 1.0.4;
				PRODUCT_BUNDLE_IDENTIFIER = ca.bc.gov.VaxCheck;
				PRODUCT_NAME = "$(TARGET_NAME)";
				PROVISIONING_PROFILE_SPECIFIER = "VaxCheck Distribution";
				SWIFT_VERSION = 5.0;
				TARGETED_DEVICE_FAMILY = "1,2";
			};
			name = Release;
		};
		29CAA838273470DD00A1CAD3 /* Debug */ = {
			isa = XCBuildConfiguration;
			baseConfigurationReference = 3940F916090119B0602930B9 /* Pods-VaccineCardDEV.debug.xcconfig */;
			buildSettings = {
				ASSETCATALOG_COMPILER_APPICON_NAME = AppIcon;
				ASSETCATALOG_COMPILER_GLOBAL_ACCENT_COLOR_NAME = AccentColor;
				CODE_SIGN_IDENTITY = "Apple Development";
				CODE_SIGN_STYLE = Automatic;
				CURRENT_PROJECT_VERSION = 1;
				DEVELOPMENT_TEAM = TCH45SXZ69;
				INFOPLIST_FILE = "VaccineCard copy-Info.plist";
				LD_RUNPATH_SEARCH_PATHS = (
					"$(inherited)",
					"@executable_path/Frameworks",
				);
				MARKETING_VERSION = 1.0.4;
				PRODUCT_BUNDLE_IDENTIFIER = io.freshworks.VaxCheck;
				PRODUCT_NAME = "$(TARGET_NAME)";
				PROVISIONING_PROFILE_SPECIFIER = "";
				SWIFT_VERSION = 5.0;
				TARGETED_DEVICE_FAMILY = "1,2";
			};
			name = Debug;
		};
		29CAA839273470DD00A1CAD3 /* Release */ = {
			isa = XCBuildConfiguration;
			baseConfigurationReference = AEC5A67FD5157899A55BCC05 /* Pods-VaccineCardDEV.release.xcconfig */;
			buildSettings = {
				ASSETCATALOG_COMPILER_APPICON_NAME = AppIcon;
				ASSETCATALOG_COMPILER_GLOBAL_ACCENT_COLOR_NAME = AccentColor;
				CODE_SIGN_IDENTITY = "Apple Development";
				CODE_SIGN_STYLE = Automatic;
				CURRENT_PROJECT_VERSION = 1;
				DEVELOPMENT_TEAM = TCH45SXZ69;
				INFOPLIST_FILE = "VaccineCard copy-Info.plist";
				LD_RUNPATH_SEARCH_PATHS = (
					"$(inherited)",
					"@executable_path/Frameworks",
				);
				MARKETING_VERSION = 1.0.4;
				PRODUCT_BUNDLE_IDENTIFIER = io.freshworks.VaxCheck;
				PRODUCT_NAME = "$(TARGET_NAME)";
				PROVISIONING_PROFILE_SPECIFIER = "";
				SWIFT_VERSION = 5.0;
				TARGETED_DEVICE_FAMILY = "1,2";
			};
			name = Release;
		};
/* End XCBuildConfiguration section */

/* Begin XCConfigurationList section */
		2904724B26DD9A75003C4CA2 /* Build configuration list for PBXNativeTarget "VaccineCardTests" */ = {
			isa = XCConfigurationList;
			buildConfigurations = (
				2904724C26DD9A75003C4CA2 /* Debug */,
				2904724D26DD9A75003C4CA2 /* Release */,
			);
			defaultConfigurationIsVisible = 0;
			defaultConfigurationName = Release;
		};
		2904726726E15210003C4CA2 /* Build configuration list for PBXNativeTarget "VaccineCardTEST" */ = {
			isa = XCConfigurationList;
			buildConfigurations = (
				2904726826E15210003C4CA2 /* Debug */,
				2904726926E15210003C4CA2 /* Release */,
			);
			defaultConfigurationIsVisible = 0;
			defaultConfigurationName = Release;
		};
		291E8AD926E90ECE00A60ADD /* Build configuration list for PBXNativeTarget "VaccineCardUITests" */ = {
			isa = XCConfigurationList;
			buildConfigurations = (
				291E8ADA26E90ECE00A60ADD /* Debug */,
				291E8ADB26E90ECE00A60ADD /* Release */,
			);
			defaultConfigurationIsVisible = 0;
			defaultConfigurationName = Release;
		};
		292BC31A26D6B16000B0A064 /* Build configuration list for PBXProject "VaccineCard" */ = {
			isa = XCConfigurationList;
			buildConfigurations = (
				292BC33126D6B16200B0A064 /* Debug */,
				292BC33226D6B16200B0A064 /* Release */,
			);
			defaultConfigurationIsVisible = 0;
			defaultConfigurationName = Release;
		};
		292BC33326D6B16200B0A064 /* Build configuration list for PBXNativeTarget "VaccineCard" */ = {
			isa = XCConfigurationList;
			buildConfigurations = (
				292BC33426D6B16200B0A064 /* Debug */,
				292BC33526D6B16200B0A064 /* Release */,
			);
			defaultConfigurationIsVisible = 0;
			defaultConfigurationName = Release;
		};
		29CAA837273470DD00A1CAD3 /* Build configuration list for PBXNativeTarget "VaccineCardDEV" */ = {
			isa = XCConfigurationList;
			buildConfigurations = (
				29CAA838273470DD00A1CAD3 /* Debug */,
				29CAA839273470DD00A1CAD3 /* Release */,
			);
			defaultConfigurationIsVisible = 0;
			defaultConfigurationName = Release;
		};
/* End XCConfigurationList section */
	};
	rootObject = 292BC31726D6B16000B0A064 /* Project object */;
}
